
Microsoft Visual Studio Solution File, Format Version 12.00
# Visual Studio 15
VisualStudioVersion = 15.0.27703.2042
MinimumVisualStudioVersion = 10.0.40219.1
Project("{FAE04EC0-301F-11D3-BF4B-00C04F79EFBC}") = "EngineeringEducationPortal", "EngineeringEducationPortal\EngineeringEducationPortal.csproj", "{FA7BCB94-11A1-434E-B135-B35671DAA55E}"
EndProject
Project("{FAE04EC0-301F-11D3-BF4B-00C04F79EFBC}") = "EEP_Services", "EEP_Services\EEP_Services.csproj", "{21D2D84F-EF14-479D-8196-ED42F3A3B2C3}"
EndProject
Project("{FAE04EC0-301F-11D3-BF4B-00C04F79EFBC}") = "EEP_Models", "EEP_Models\EEP_Models.csproj", "{CFD312CE-5D10-4986-BDEB-0F4447E939FD}"
EndProject
Project("{FAE04EC0-301F-11D3-BF4B-00C04F79EFBC}") = "EEP_Repository", "EEP_Repository\EEP_Repository.csproj", "{4B045C9F-1016-41D7-827C-C93195F8F3B5}"
EndProject
Global
	GlobalSection(SolutionConfigurationPlatforms) = preSolution
		Debug|Any CPU = Debug|Any CPU
		Release|Any CPU = Release|Any CPU
	EndGlobalSection
	GlobalSection(ProjectConfigurationPlatforms) = postSolution
		{FA7BCB94-11A1-434E-B135-B35671DAA55E}.Debug|Any CPU.ActiveCfg = Debug|Any CPU
		{FA7BCB94-11A1-434E-B135-B35671DAA55E}.Debug|Any CPU.Build.0 = Debug|Any CPU
		{FA7BCB94-11A1-434E-B135-B35671DAA55E}.Release|Any CPU.ActiveCfg = Release|Any CPU
		{FA7BCB94-11A1-434E-B135-B35671DAA55E}.Release|Any CPU.Build.0 = Release|Any CPU
		{21D2D84F-EF14-479D-8196-ED42F3A3B2C3}.Debug|Any CPU.ActiveCfg = Debug|Any CPU
		{21D2D84F-EF14-479D-8196-ED42F3A3B2C3}.Debug|Any CPU.Build.0 = Debug|Any CPU
		{21D2D84F-EF14-479D-8196-ED42F3A3B2C3}.Release|Any CPU.ActiveCfg = Release|Any CPU
		{21D2D84F-EF14-479D-8196-ED42F3A3B2C3}.Release|Any CPU.Build.0 = Release|Any CPU
		{CFD312CE-5D10-4986-BDEB-0F4447E939FD}.Debug|Any CPU.ActiveCfg = Debug|Any CPU
		{CFD312CE-5D10-4986-BDEB-0F4447E939FD}.Debug|Any CPU.Build.0 = Debug|Any CPU
		{CFD312CE-5D10-4986-BDEB-0F4447E939FD}.Release|Any CPU.ActiveCfg = Release|Any CPU
		{CFD312CE-5D10-4986-BDEB-0F4447E939FD}.Release|Any CPU.Build.0 = Release|Any CPU
		{4B045C9F-1016-41D7-827C-C93195F8F3B5}.Debug|Any CPU.ActiveCfg = Debug|Any CPU
		{4B045C9F-1016-41D7-827C-C93195F8F3B5}.Debug|Any CPU.Build.0 = Debug|Any CPU
		{4B045C9F-1016-41D7-827C-C93195F8F3B5}.Release|Any CPU.ActiveCfg = Release|Any CPU
		{4B045C9F-1016-41D7-827C-C93195F8F3B5}.Release|Any CPU.Build.0 = Release|Any CPU
	EndGlobalSection
	GlobalSection(SolutionProperties) = preSolution
		HideSolutionNode = FALSE
	EndGlobalSection
	GlobalSection(ExtensibilityGlobals) = postSolution
		SolutionGuid = {90393799-832E-4018-A12E-60004975AEEC}
	EndGlobalSection
EndGlobal
